# THIS IS AN AUTOGENERATED FILE. DO NOT EDIT THIS FILE DIRECTLY.
# yarn lockfile v1


accepts@~1.3.3:
  version "1.3.3"
  resolved "https://registry.yarnpkg.com/accepts/-/accepts-1.3.3.tgz#c3ca7434938648c3e0d9c1e328dd68b622c284ca"
  dependencies:
    mime-types "~2.1.11"
    negotiator "0.6.1"

ambi@^2.2.0, ambi@^2.5.0:
  version "2.5.0"
  resolved "https://registry.yarnpkg.com/ambi/-/ambi-2.5.0.tgz#7c8e372be48891157e7cea01cb6f9143d1f74220"
  dependencies:
    editions "^1.1.1"
    typechecker "^4.3.0"

apache-crypt@1.1.2:
  version "1.1.2"
  resolved "https://registry.yarnpkg.com/apache-crypt/-/apache-crypt-1.1.2.tgz#820782a33bb6a5fd2712082f0ed3a24e3c9b0214"
  dependencies:
    unix-crypt-td-js "^1.0.0"

apache-md5@1.0.6:
  version "1.0.6"
  resolved "https://registry.yarnpkg.com/apache-md5/-/apache-md5-1.0.6.tgz#470239d40c54e7c32dd9d6eb11bc3578ecc903c2"

basic-auth@~1.1.0:
  version "1.1.0"
  resolved "https://registry.yarnpkg.com/basic-auth/-/basic-auth-1.1.0.tgz#45221ee429f7ee1e5035be3f51533f1cdfd29884"

batch@0.5.3:
  version "0.5.3"
  resolved "https://registry.yarnpkg.com/batch/-/batch-0.5.3.tgz#3f3414f380321743bfc1042f9a83ff1d5824d464"

coffee-script@^1.12.5:
  version "1.12.5"
  resolved "https://registry.yarnpkg.com/coffee-script/-/coffee-script-1.12.5.tgz#809f4585419112bbfe46a073ad7543af18c27346"

colors@latest:
  version "1.1.2"
  resolved "https://registry.yarnpkg.com/colors/-/colors-1.1.2.tgz#168a4701756b6a7f51a12ce0c97bfa28c084ed63"

connect@3.4.x:
  version "3.4.1"
  resolved "https://registry.yarnpkg.com/connect/-/connect-3.4.1.tgz#a21361d3f4099ef761cda6dc4a973bb1ebb0a34d"
  dependencies:
    debug "~2.2.0"
    finalhandler "0.4.1"
    parseurl "~1.3.1"
    utils-merge "1.0.0"

cors@latest:
  version "2.8.3"
  resolved "https://registry.yarnpkg.com/cors/-/cors-2.8.3.tgz#4cf78e1d23329a7496b2fc2225b77ca5bb5eb802"
  dependencies:
    object-assign "^4"
    vary "^1"

csextends@^1.0.3:
  version "1.1.1"
  resolved "https://registry.yarnpkg.com/csextends/-/csextends-1.1.1.tgz#cc53c1349faf7f0ae6cdf6f6c4a4d9156d3c4ec1"
  dependencies:
    coffee-script "^1.12.5"

debug@2.6.1:
  version "2.6.1"
  resolved "https://registry.yarnpkg.com/debug/-/debug-2.6.1.tgz#79855090ba2c4e3115cc7d8769491d58f0491351"
  dependencies:
    ms "0.7.2"

debug@2.6.4:
  version "2.6.4"
  resolved "https://registry.yarnpkg.com/debug/-/debug-2.6.4.tgz#7586a9b3c39741c0282ae33445c4e8ac74734fe0"
  dependencies:
    ms "0.7.3"

debug@~2.2.0:
  version "2.2.0"
  resolved "https://registry.yarnpkg.com/debug/-/debug-2.2.0.tgz#f87057e995b1a1f6ae6a4960664137bc56f039da"
  dependencies:
    ms "0.7.1"

depd@1.1.0, depd@~1.1.0:
  version "1.1.0"
  resolved "https://registry.yarnpkg.com/depd/-/depd-1.1.0.tgz#e1bd82c6aab6ced965b97b88b17ed3e528ca18c3"

destroy@~1.0.4:
  version "1.0.4"
  resolved "https://registry.yarnpkg.com/destroy/-/destroy-1.0.4.tgz#978857442c44749e4206613e37946205826abd80"

duplexer@~0.1.1:
  version "0.1.1"
  resolved "https://registry.yarnpkg.com/duplexer/-/duplexer-0.1.1.tgz#ace6ff808c1ce66b57d1ebf97977acb02334cfc1"

eachr@^3.2.0:
  version "3.2.0"
  resolved "https://registry.yarnpkg.com/eachr/-/eachr-3.2.0.tgz#2c35e43ea086516f7997cf80b7aa64d55a4a4484"
  dependencies:
    editions "^1.1.1"
    typechecker "^4.3.0"

editions@^1.1.1, editions@^1.1.2, editions@^1.3.3:
  version "1.3.3"
  resolved "https://registry.yarnpkg.com/editions/-/editions-1.3.3.tgz#0907101bdda20fac3cbe334c27cbd0688dc99a5b"

ee-first@1.1.1:
  version "1.1.1"
  resolved "https://registry.yarnpkg.com/ee-first/-/ee-first-1.1.1.tgz#590c61156b0ae2f4f0255732a158b266bc56b21d"

encodeurl@~1.0.1:
  version "1.0.1"
  resolved "https://registry.yarnpkg.com/encodeurl/-/encodeurl-1.0.1.tgz#79e3d58655346909fe6f0f45a5de68103b294d20"

escape-html@~1.0.3:
  version "1.0.3"
  resolved "https://registry.yarnpkg.com/escape-html/-/escape-html-1.0.3.tgz#0258eae4d3d0c0974de1c169188ef0051d1d1988"

etag@~1.8.0:
  version "1.8.0"
  resolved "https://registry.yarnpkg.com/etag/-/etag-1.8.0.tgz#6f631aef336d6c46362b51764044ce216be3c051"

event-stream@latest:
  version "3.3.4"
  resolved "https://registry.yarnpkg.com/event-stream/-/event-stream-3.3.4.tgz#4ab4c9a0f5a54db9338b4c34d86bfce8f4b35571"
  dependencies:
    duplexer "~0.1.1"
    from "~0"
    map-stream "~0.1.0"
    pause-stream "0.0.11"
    split "0.3"
    stream-combiner "~0.0.4"
    through "~2.3.1"

extendr@^3.2.0, extendr@^3.2.2:
  version "3.2.2"
  resolved "https://registry.yarnpkg.com/extendr/-/extendr-3.2.2.tgz#c6e46fe6d90b2e3e8812a6654bd6182cbf91cd06"
  dependencies:
    editions "^1.1.2"
    typechecker "^4.3.0"

extract-opts@^3.3.1:
  version "3.3.1"
  resolved "https://registry.yarnpkg.com/extract-opts/-/extract-opts-3.3.1.tgz#5abbedc98c0d5202e3278727f9192d7e086c6be1"
  dependencies:
    eachr "^3.2.0"
    editions "^1.1.1"
    typechecker "^4.3.0"

faye-websocket@0.11.x:
  version "0.11.1"
  resolved "https://registry.yarnpkg.com/faye-websocket/-/faye-websocket-0.11.1.tgz#f0efe18c4f56e4f40afc7e06c719fd5ee6188f38"
  dependencies:
    websocket-driver ">=0.5.1"

finalhandler@0.4.1:
  version "0.4.1"
  resolved "https://registry.yarnpkg.com/finalhandler/-/finalhandler-0.4.1.tgz#85a17c6c59a94717d262d61230d4b0ebe3d4a14d"
  dependencies:
    debug "~2.2.0"
    escape-html "~1.0.3"
    on-finished "~2.3.0"
    unpipe "~1.0.0"

fresh@0.5.0:
  version "0.5.0"
  resolved "https://registry.yarnpkg.com/fresh/-/fresh-0.5.0.tgz#f474ca5e6a9246d6fd8e0953cfa9b9c805afa78e"

from@~0:
  version "0.1.7"
  resolved "https://registry.yarnpkg.com/from/-/from-0.1.7.tgz#83c60afc58b9c56997007ed1a768b3ab303a44fe"

graceful-fs@*, graceful-fs@^4.1.4:
  version "4.1.11"
  resolved "https://registry.yarnpkg.com/graceful-fs/-/graceful-fs-4.1.11.tgz#0e8bdfe4d1ddb8854d64e04ea7c00e2a026e5658"

http-auth@2.4.x:
  version "2.4.11"
  resolved "https://registry.yarnpkg.com/http-auth/-/http-auth-2.4.11.tgz#61f024a6e0e7c48934944895c87a1395509c619b"
  dependencies:
    apache-crypt "1.1.2"
    apache-md5 "1.0.6"
    node-uuid "^1.4.7"

http-errors@~1.5.0:
  version "1.5.1"
  resolved "https://registry.yarnpkg.com/http-errors/-/http-errors-1.5.1.tgz#788c0d2c1de2c81b9e6e8c01843b6b97eb920750"
  dependencies:
    inherits "2.0.3"
    setprototypeof "1.0.2"
    statuses ">= 1.3.1 < 2"

http-errors@~1.6.1:
  version "1.6.1"
  resolved "https://registry.yarnpkg.com/http-errors/-/http-errors-1.6.1.tgz#5f8b8ed98aca545656bf572997387f904a722257"
  dependencies:
    depd "1.1.0"
    inherits "2.0.3"
    setprototypeof "1.0.3"
    statuses ">= 1.3.1 < 2"

ignorefs@^1.0.0, ignorefs@^1.1.1:
  version "1.2.0"
  resolved "https://registry.yarnpkg.com/ignorefs/-/ignorefs-1.2.0.tgz#da59fb858976e4a5e43702ccd1f282fdbc9e5756"
  dependencies:
    editions "^1.3.3"
    ignorepatterns "^1.1.0"

ignorepatterns@^1.1.0:
  version "1.1.0"
  resolved "https://registry.yarnpkg.com/ignorepatterns/-/ignorepatterns-1.1.0.tgz#ac8f436f2239b5dfb66d5f0d3a904a87ac67cc5e"

inherits@2.0.3:
  version "2.0.3"
  resolved "https://registry.yarnpkg.com/inherits/-/inherits-2.0.3.tgz#633c2c83e3da42a502f52466022480f4208261de"

is-wsl@^1.1.0:
  version "1.1.0"
  resolved "https://registry.yarnpkg.com/is-wsl/-/is-wsl-1.1.0.tgz#1f16e4aa22b04d1336b66188a66af3c600c3a66d"

live-server@1.1.0:
  version "1.1.0"
  resolved "https://registry.yarnpkg.com/live-server/-/live-server-1.1.0.tgz#a69f0e6ca581e0391aa57941970e17c308dd4869"
  dependencies:
    colors latest
    connect "3.4.x"
    cors latest
    event-stream latest
    faye-websocket "0.11.x"
    http-auth "2.4.x"
    morgan "^1.6.1"
    object-assign latest
    opn latest
    proxy-middleware latest
    send latest
    serve-index "^1.7.2"
    watchr "2.6.x"

map-stream@~0.1.0:
  version "0.1.0"
  resolved "https://registry.yarnpkg.com/map-stream/-/map-stream-0.1.0.tgz#e56aa94c4c8055a16404a0674b78f215f7c8e194"

mime-db@~1.27.0:
  version "1.27.0"
  resolved "https://registry.yarnpkg.com/mime-db/-/mime-db-1.27.0.tgz#820f572296bbd20ec25ed55e5b5de869e5436eb1"

mime-types@~2.1.11:
  version "2.1.15"
  resolved "https://registry.yarnpkg.com/mime-types/-/mime-types-2.1.15.tgz#a4ebf5064094569237b8cf70046776d09fc92aed"
  dependencies:
    mime-db "~1.27.0"

mime@1.3.4:
  version "1.3.4"
  resolved "https://registry.yarnpkg.com/mime/-/mime-1.3.4.tgz#115f9e3b6b3daf2959983cb38f149a2d40eb5d53"

morgan@^1.6.1:
  version "1.8.1"
  resolved "https://registry.yarnpkg.com/morgan/-/morgan-1.8.1.tgz#f93023d3887bd27b78dfd6023cea7892ee27a4b1"
  dependencies:
    basic-auth "~1.1.0"
    debug "2.6.1"
    depd "~1.1.0"
    on-finished "~2.3.0"
    on-headers "~1.0.1"

ms@0.7.1:
  version "0.7.1"
  resolved "https://registry.yarnpkg.com/ms/-/ms-0.7.1.tgz#9cd13c03adbff25b65effde7ce864ee952017098"

ms@0.7.2:
  version "0.7.2"
  resolved "https://registry.yarnpkg.com/ms/-/ms-0.7.2.tgz#ae25cf2512b3885a1d95d7f037868d8431124765"

ms@0.7.3:
  version "0.7.3"
  resolved "https://registry.yarnpkg.com/ms/-/ms-0.7.3.tgz#708155a5e44e33f5fd0fc53e81d0d40a91be1fff"

ms@1.0.0:
  version "1.0.0"
  resolved "https://registry.yarnpkg.com/ms/-/ms-1.0.0.tgz#59adcd22edc543f7b5381862d31387b1f4bc9473"

negotiator@0.6.1:
  version "0.6.1"
  resolved "https://registry.yarnpkg.com/negotiator/-/negotiator-0.6.1.tgz#2b327184e8992101177b28563fb5e7102acd0ca9"

node-uuid@^1.4.7:
  version "1.4.8"
  resolved "https://registry.yarnpkg.com/node-uuid/-/node-uuid-1.4.8.tgz#b040eb0923968afabf8d32fb1f17f1167fdab907"

object-assign@^4, object-assign@latest:
  version "4.1.1"
  resolved "https://registry.yarnpkg.com/object-assign/-/object-assign-4.1.1.tgz#2109adc7965887cfc05cbbd442cac8bfbb360863"

on-finished@~2.3.0:
  version "2.3.0"
  resolved "https://registry.yarnpkg.com/on-finished/-/on-finished-2.3.0.tgz#20f1336481b083cd75337992a16971aa2d906947"
  dependencies:
    ee-first "1.1.1"

on-headers@~1.0.1:
  version "1.0.1"
  resolved "https://registry.yarnpkg.com/on-headers/-/on-headers-1.0.1.tgz#928f5d0f470d49342651ea6794b0857c100693f7"

opn@latest:
  version "5.0.0"
  resolved "https://registry.yarnpkg.com/opn/-/opn-5.0.0.tgz#f8870d7cd969b218030cb6ce5a1285e795931df3"
  dependencies:
    is-wsl "^1.1.0"

parseurl@~1.3.1:
  version "1.3.1"
  resolved "https://registry.yarnpkg.com/parseurl/-/parseurl-1.3.1.tgz#c8ab8c9223ba34888aa64a297b28853bec18da56"

pause-stream@0.0.11:
  version "0.0.11"
  resolved "https://registry.yarnpkg.com/pause-stream/-/pause-stream-0.0.11.tgz#fe5a34b0cbce12b5aa6a2b403ee2e73b602f1445"
  dependencies:
    through "~2.3"

proxy-middleware@latest:
  version "0.15.0"
  resolved "https://registry.yarnpkg.com/proxy-middleware/-/proxy-middleware-0.15.0.tgz#a3fdf1befb730f951965872ac2f6074c61477a56"

range-parser@~1.2.0:
  version "1.2.0"
  resolved "https://registry.yarnpkg.com/range-parser/-/range-parser-1.2.0.tgz#f49be6b487894ddc40dcc94a322f611092e00d5e"

safefs@^3.1.2:
  version "3.2.2"
  resolved "https://registry.yarnpkg.com/safefs/-/safefs-3.2.2.tgz#8170c1444d7038e08caea05a374fae2fa349e15c"
  dependencies:
    graceful-fs "*"

safefs@^4.1.0:
  version "4.1.0"
  resolved "https://registry.yarnpkg.com/safefs/-/safefs-4.1.0.tgz#f82aeb4bdd7ae51f653eb20f6728b3058c8d6445"
  dependencies:
    editions "^1.1.1"
    graceful-fs "^4.1.4"

scandirectory@^2.5.0:
  version "2.5.0"
  resolved "https://registry.yarnpkg.com/scandirectory/-/scandirectory-2.5.0.tgz#6ce03f54a090b668e3cbedbf20edf9e310593e72"
  dependencies:
    ignorefs "^1.0.0"
    safefs "^3.1.2"
    taskgroup "^4.0.5"

send@latest:
  version "0.15.2"
  resolved "https://registry.yarnpkg.com/send/-/send-0.15.2.tgz#f91fab4403bcf87e716f70ceb5db2f578bdc17d6"
  dependencies:
    debug "2.6.4"
    depd "~1.1.0"
    destroy "~1.0.4"
    encodeurl "~1.0.1"
    escape-html "~1.0.3"
    etag "~1.8.0"
    fresh "0.5.0"
    http-errors "~1.6.1"
    mime "1.3.4"
    ms "1.0.0"
    on-finished "~2.3.0"
    range-parser "~1.2.0"
    statuses "~1.3.1"

serve-index@^1.7.2:
  version "1.8.0"
  resolved "https://registry.yarnpkg.com/serve-index/-/serve-index-1.8.0.tgz#7c5d96c13fb131101f93c1c5774f8516a1e78d3b"
  dependencies:
    accepts "~1.3.3"
    batch "0.5.3"
    debug "~2.2.0"
    escape-html "~1.0.3"
    http-errors "~1.5.0"
    mime-types "~2.1.11"
    parseurl "~1.3.1"

setprototypeof@1.0.2:
  version "1.0.2"
  resolved "https://registry.yarnpkg.com/setprototypeof/-/setprototypeof-1.0.2.tgz#81a552141ec104b88e89ce383103ad5c66564d08"

setprototypeof@1.0.3:
  version "1.0.3"
  resolved "https://registry.yarnpkg.com/setprototypeof/-/setprototypeof-1.0.3.tgz#66567e37043eeb4f04d91bd658c0cbefb55b8e04"

split@0.3:
  version "0.3.3"
  resolved "https://registry.yarnpkg.com/split/-/split-0.3.3.tgz#cd0eea5e63a211dfff7eb0f091c4133e2d0dd28f"
  dependencies:
    through "2"

"statuses@>= 1.3.1 < 2", statuses@~1.3.1:
  version "1.3.1"
  resolved "https://registry.yarnpkg.com/statuses/-/statuses-1.3.1.tgz#faf51b9eb74aaef3b3acf4ad5f61abf24cb7b93e"

stream-combiner@~0.0.4:
  version "0.0.4"
  resolved "https://registry.yarnpkg.com/stream-combiner/-/stream-combiner-0.0.4.tgz#4d5e433c185261dde623ca3f44c586bcf5c4ad14"
  dependencies:
    duplexer "~0.1.1"

taskgroup@^4.0.5:
  version "4.3.1"
  resolved "https://registry.yarnpkg.com/taskgroup/-/taskgroup-4.3.1.tgz#7de193febd768273c457730497024d512c27915a"
  dependencies:
    ambi "^2.2.0"
    csextends "^1.0.3"

taskgroup@^5.0.1:
  version "5.0.1"
  resolved "https://registry.yarnpkg.com/taskgroup/-/taskgroup-5.0.1.tgz#08736c9b24683b1434774231eb4b73aa7c3f79b5"
  dependencies:
    ambi "^2.5.0"
    eachr "^3.2.0"
    editions "^1.1.1"
    extendr "^3.2.0"

through@2, through@~2.3, through@~2.3.1:
  version "2.3.8"
  resolved "https://registry.yarnpkg.com/through/-/through-2.3.8.tgz#0dd4c9ffaabc357960b1b724115d7e0e86a2e1f5"

typechecker@^4.3.0:
  version "4.4.1"
  resolved "https://registry.yarnpkg.com/typechecker/-/typechecker-4.4.1.tgz#f97b95f51b038417212d677d45a373ee7bced7e6"
  dependencies:
    editions "^1.3.3"

unix-crypt-td-js@^1.0.0:
  version "1.0.0"
  resolved "https://registry.yarnpkg.com/unix-crypt-td-js/-/unix-crypt-td-js-1.0.0.tgz#1c0824150481bc7a01d49e98f1ec668d82412f3b"

unpipe@~1.0.0:
  version "1.0.0"
  resolved "https://registry.yarnpkg.com/unpipe/-/unpipe-1.0.0.tgz#b2bf4ee8514aae6165b4817829d21b2ef49904ec"

utils-merge@1.0.0:
  version "1.0.0"
  resolved "https://registry.yarnpkg.com/utils-merge/-/utils-merge-1.0.0.tgz#0294fb922bb9375153541c4f7096231f287c8af8"

vary@^1:
  version "1.1.1"
  resolved "https://registry.yarnpkg.com/vary/-/vary-1.1.1.tgz#67535ebb694c1d52257457984665323f587e8d37"

watchr@2.6.x:
  version "2.6.0"
  resolved "https://registry.yarnpkg.com/watchr/-/watchr-2.6.0.tgz#e75c423b10be79267a0c3ef76e2ea104fe0267a5"
  dependencies:
    eachr "^3.2.0"
    extendr "^3.2.2"
    extract-opts "^3.3.1"
    ignorefs "^1.1.1"
    safefs "^4.1.0"
    scandirectory "^2.5.0"
    taskgroup "^5.0.1"
    typechecker "^4.3.0"

websocket-driver@>=0.5.1:
  version "0.6.5"
  resolved "https://registry.yarnpkg.com/websocket-driver/-/websocket-driver-0.6.5.tgz#5cb2556ceb85f4373c6d8238aa691c8454e13a36"
  dependencies:
    websocket-extensions ">=0.1.1"

websocket-extensions@>=0.1.1:
  version "0.1.1"
  resolved "https://registry.yarnpkg.com/websocket-extensions/-/websocket-extensions-0.1.1.tgz#76899499c184b6ef754377c2dbb0cd6cb55d29e7"
